// !$*UTF8*$!
{
	archiveVersion = 1;
	classes = {
	};
	objectVersion = 46;
	objects = {

/* Begin PBXBuildFile section */
		355646771D2C7C9000168E48 /* AppDelegate.swift in Sources */ = {isa = PBXBuildFile; fileRef = 355646761D2C7C9000168E48 /* AppDelegate.swift */; };
		3556467C1D2C7C9000168E48 /* Main.storyboard in Resources */ = {isa = PBXBuildFile; fileRef = 3556467A1D2C7C9000168E48 /* Main.storyboard */; };
		3556467E1D2C7C9000168E48 /* Assets.xcassets in Resources */ = {isa = PBXBuildFile; fileRef = 3556467D1D2C7C9000168E48 /* Assets.xcassets */; };
		355646811D2C7C9000168E48 /* LaunchScreen.storyboard in Resources */ = {isa = PBXBuildFile; fileRef = 3556467F1D2C7C9000168E48 /* LaunchScreen.storyboard */; };
		355646891D2D746800168E48 /* LocalAuthentication.framework in Frameworks */ = {isa = PBXBuildFile; fileRef = 355646881D2D746800168E48 /* LocalAuthentication.framework */; };
		3556468C1D2D7A6D00168E48 /* RealmHelper.swift in Sources */ = {isa = PBXBuildFile; fileRef = 3556468B1D2D7A6D00168E48 /* RealmHelper.swift */; };
		3556468E1D2D7C6800168E48 /* Account.swift in Sources */ = {isa = PBXBuildFile; fileRef = 3556468D1D2D7C6800168E48 /* Account.swift */; };
		355646921D2D810400168E48 /* AccountTableViewController.swift in Sources */ = {isa = PBXBuildFile; fileRef = 355646911D2D810400168E48 /* AccountTableViewController.swift */; };
		3A0017750AB749889A529072 /* Pods_Passlet.framework in Frameworks */ = {isa = PBXBuildFile; fileRef = B8FCF9F0D478A7126BF1B1A3 /* Pods_Passlet.framework */; };
/* End PBXBuildFile section */

/* Begin PBXFileReference section */
		355646731D2C7C9000168E48 /* Passlet.app */ = {isa = PBXFileReference; explicitFileType = wrapper.application; includeInIndex = 0; path = Passlet.app; sourceTree = BUILT_PRODUCTS_DIR; };
		355646761D2C7C9000168E48 /* AppDelegate.swift */ = {isa = PBXFileReference; lastKnownFileType = sourcecode.swift; path = AppDelegate.swift; sourceTree = "<group>"; };
		3556467B1D2C7C9000168E48 /* Base */ = {isa = PBXFileReference; lastKnownFileType = file.storyboard; name = Base; path = Base.lproj/Main.storyboard; sourceTree = "<group>"; };
		3556467D1D2C7C9000168E48 /* Assets.xcassets */ = {isa = PBXFileReference; lastKnownFileType = folder.assetcatalog; path = Assets.xcassets; sourceTree = "<group>"; };
		355646801D2C7C9000168E48 /* Base */ = {isa = PBXFileReference; lastKnownFileType = file.storyboard; name = Base; path = Base.lproj/LaunchScreen.storyboard; sourceTree = "<group>"; };
		355646821D2C7C9000168E48 /* Info.plist */ = {isa = PBXFileReference; lastKnownFileType = text.plist.xml; path = Info.plist; sourceTree = "<group>"; };
		355646881D2D746800168E48 /* LocalAuthentication.framework */ = {isa = PBXFileReference; lastKnownFileType = wrapper.framework; name = LocalAuthentication.framework; path = System/Library/Frameworks/LocalAuthentication.framework; sourceTree = SDKROOT; };
		3556468B1D2D7A6D00168E48 /* RealmHelper.swift */ = {isa = PBXFileReference; fileEncoding = 4; lastKnownFileType = sourcecode.swift; path = RealmHelper.swift; sourceTree = "<group>"; };
		3556468D1D2D7C6800168E48 /* Account.swift */ = {isa = PBXFileReference; fileEncoding = 4; lastKnownFileType = sourcecode.swift; name = Account.swift; path = ../Account.swift; sourceTree = "<group>"; };
		355646911D2D810400168E48 /* AccountTableViewController.swift */ = {isa = PBXFileReference; fileEncoding = 4; lastKnownFileType = sourcecode.swift; path = AccountTableViewController.swift; sourceTree = "<group>"; };
		4A11D15E19AACADCE82DCC04 /* Pods-Passlet.release.xcconfig */ = {isa = PBXFileReference; includeInIndex = 1; lastKnownFileType = text.xcconfig; name = "Pods-Passlet.release.xcconfig"; path = "Pods/Target Support Files/Pods-Passlet/Pods-Passlet.release.xcconfig"; sourceTree = "<group>"; };
		B8FCF9F0D478A7126BF1B1A3 /* Pods_Passlet.framework */ = {isa = PBXFileReference; explicitFileType = wrapper.framework; includeInIndex = 0; path = Pods_Passlet.framework; sourceTree = BUILT_PRODUCTS_DIR; };
		BCC2E88FB6EB1E65CDD6D38D /* Pods-Passlet.debug.xcconfig */ = {isa = PBXFileReference; includeInIndex = 1; lastKnownFileType = text.xcconfig; name = "Pods-Passlet.debug.xcconfig"; path = "Pods/Target Support Files/Pods-Passlet/Pods-Passlet.debug.xcconfig"; sourceTree = "<group>"; };
/* End PBXFileReference section */

/* Begin PBXFrameworksBuildPhase section */
		355646701D2C7C9000168E48 /* Frameworks */ = {
			isa = PBXFrameworksBuildPhase;
			buildActionMask = 2147483647;
			files = (
				355646891D2D746800168E48 /* LocalAuthentication.framework in Frameworks */,
				3A0017750AB749889A529072 /* Pods_Passlet.framework in Frameworks */,
			);
			runOnlyForDeploymentPostprocessing = 0;
		};
/* End PBXFrameworksBuildPhase section */

/* Begin PBXGroup section */
		3556466A1D2C7C9000168E48 = {
			isa = PBXGroup;
			children = (
				355646881D2D746800168E48 /* LocalAuthentication.framework */,
				355646751D2C7C9000168E48 /* Passlet */,
				355646741D2C7C9000168E48 /* Products */,
				67567EF2F4131E35979A6B49 /* Pods */,
				A81CBC388EBB2627D7D5D9D6 /* Frameworks */,
			);
			sourceTree = "<group>";
		};
		355646741D2C7C9000168E48 /* Products */ = {
			isa = PBXGroup;
			children = (
				355646731D2C7C9000168E48 /* Passlet.app */,
			);
			name = Products;
			sourceTree = "<group>";
		};
		355646751D2C7C9000168E48 /* Passlet */ = {
			isa = PBXGroup;
			children = (
				355646901D2D80AD00168E48 /* Models */,
				3556468F1D2D808200168E48 /* Controllers */,
				3556468A1D2D7A2F00168E48 /* Helpers */,
				355646761D2C7C9000168E48 /* AppDelegate.swift */,
				3556467A1D2C7C9000168E48 /* Main.storyboard */,
				3556467D1D2C7C9000168E48 /* Assets.xcassets */,
				3556467F1D2C7C9000168E48 /* LaunchScreen.storyboard */,
				355646821D2C7C9000168E48 /* Info.plist */,
			);
			path = Passlet;
			sourceTree = "<group>";
		};
		3556468A1D2D7A2F00168E48 /* Helpers */ = {
			isa = PBXGroup;
			children = (
				3556468B1D2D7A6D00168E48 /* RealmHelper.swift */,
			);
			name = Helpers;
			path = ..;
			sourceTree = "<group>";
		};
		3556468F1D2D808200168E48 /* Controllers */ = {
			isa = PBXGroup;
			children = (
				355646911D2D810400168E48 /* AccountTableViewController.swift */,
			);
			name = Controllers;
			path = ..;
			sourceTree = "<group>";
		};
		355646901D2D80AD00168E48 /* Models */ = {
			isa = PBXGroup;
			children = (
				3556468D1D2D7C6800168E48 /* Account.swift */,
			);
			name = Models;
			sourceTree = "<group>";
		};
		67567EF2F4131E35979A6B49 /* Pods */ = {
			isa = PBXGroup;
			children = (
				BCC2E88FB6EB1E65CDD6D38D /* Pods-Passlet.debug.xcconfig */,
				4A11D15E19AACADCE82DCC04 /* Pods-Passlet.release.xcconfig */,
			);
			name = Pods;
			sourceTree = "<group>";
		};
		A81CBC388EBB2627D7D5D9D6 /* Frameworks */ = {
			isa = PBXGroup;
			children = (
				B8FCF9F0D478A7126BF1B1A3 /* Pods_Passlet.framework */,
			);
			name = Frameworks;
			sourceTree = "<group>";
		};
/* End PBXGroup section */

/* Begin PBXNativeTarget section */
		355646721D2C7C9000168E48 /* Passlet */ = {
			isa = PBXNativeTarget;
			buildConfigurationList = 355646851D2C7C9000168E48 /* Build configuration list for PBXNativeTarget "Passlet" */;
			buildPhases = (
				24781E85F687B86349D70F83 /* [CP] Check Pods Manifest.lock */,
				3556466F1D2C7C9000168E48 /* Sources */,
				355646701D2C7C9000168E48 /* Frameworks */,
				355646711D2C7C9000168E48 /* Resources */,
				44A5F9114D0BCA0E24477BCE /* [CP] Embed Pods Frameworks */,
				DB8D1B2E49DDFE8CB9335E12 /* [CP] Copy Pods Resources */,
			);
			buildRules = (
			);
			dependencies = (
			);
			name = Passlet;
			productName = Passlet;
			productReference = 355646731D2C7C9000168E48 /* Passlet.app */;
			productType = "com.apple.product-type.application";
		};
/* End PBXNativeTarget section */

/* Begin PBXProject section */
		3556466B1D2C7C9000168E48 /* Project object */ = {
			isa = PBXProject;
			attributes = {
				LastSwiftUpdateCheck = 0730;
				LastUpgradeCheck = 0730;
				ORGANIZATIONNAME = "Sahith Bhamidipati";
				TargetAttributes = {
					355646721D2C7C9000168E48 = {
						CreatedOnToolsVersion = 7.3.1;
					};
				};
			};
			buildConfigurationList = 3556466E1D2C7C9000168E48 /* Build configuration list for PBXProject "Passlet" */;
			compatibilityVersion = "Xcode 3.2";
			developmentRegion = English;
			hasScannedForEncodings = 0;
			knownRegions = (
				en,
				Base,
			);
			mainGroup = 3556466A1D2C7C9000168E48;
			productRefGroup = 355646741D2C7C9000168E48 /* Products */;
			projectDirPath = "";
			projectRoot = "";
			targets = (
				355646721D2C7C9000168E48 /* Passlet */,
			);
		};
/* End PBXProject section */

/* Begin PBXResourcesBuildPhase section */
		355646711D2C7C9000168E48 /* Resources */ = {
			isa = PBXResourcesBuildPhase;
			buildActionMask = 2147483647;
			files = (
				355646811D2C7C9000168E48 /* LaunchScreen.storyboard in Resources */,
				3556467E1D2C7C9000168E48 /* Assets.xcassets in Resources */,
				3556467C1D2C7C9000168E48 /* Main.storyboard in Resources */,
			);
			runOnlyForDeploymentPostprocessing = 0;
		};
/* End PBXResourcesBuildPhase section */

/* Begin PBXShellScriptBuildPhase section */
		24781E85F687B86349D70F83 /* [CP] Check Pods Manifest.lock */ = {
			isa = PBXShellScriptBuildPhase;
			buildActionMask = 2147483647;
			files = (
			);
			inputPaths = (
			);
			name = "[CP] Check Pods Manifest.lock";
			outputPaths = (
			);
			runOnlyForDeploymentPostprocessing = 0;
			shellPath = /bin/sh;
			shellScript = "diff \"${PODS_ROOT}/../Podfile.lock\" \"${PODS_ROOT}/Manifest.lock\" > /dev/null\nif [[ $? != 0 ]] ; then\n    cat << EOM\nerror: The sandbox is not in sync with the Podfile.lock. Run 'pod install' or update your CocoaPods installation.\nEOM\n    exit 1\nfi\n";
			showEnvVarsInLog = 0;
		};
		44A5F9114D0BCA0E24477BCE /* [CP] Embed Pods Frameworks */ = {
			isa = PBXShellScriptBuildPhase;
			buildActionMask = 2147483647;
			files = (
			);
			inputPaths = (
			);
			name = "[CP] Embed Pods Frameworks";
			outputPaths = (
			);
			runOnlyForDeploymentPostprocessing = 0;
			shellPath = /bin/sh;
			shellScript = "\"${SRCROOT}/Pods/Target Support Files/Pods-Passlet/Pods-Passlet-frameworks.sh\"\n";
			showEnvVarsInLog = 0;
		};
		DB8D1B2E49DDFE8CB9335E12 /* [CP] Copy Pods Resources */ = {
			isa = PBXShellScriptBuildPhase;
			buildActionMask = 2147483647;
			files = (
			);
			inputPaths = (
			);
			name = "[CP] Copy Pods Resources";
			outputPaths = (
			);
			runOnlyForDeploymentPostprocessing = 0;
			shellPath = /bin/sh;
			shellScript = "\"${SRCROOT}/Pods/Target Support Files/Pods-Passlet/Pods-Passlet-resources.sh\"\n";
			showEnvVarsInLog = 0;
		};
/* End PBXShellScriptBuildPhase section */

/* Begin PBXSourcesBuildPhase section */
		3556466F1D2C7C9000168E48 /* Sources */ = {
			isa = PBXSourcesBuildPhase;
			buildActionMask = 2147483647;
			files = (
				355646771D2C7C9000168E48 /* AppDelegate.swift in Sources */,
				3556468C1D2D7A6D00168E48 /* RealmHelper.swift in Sources */,
				355646921D2D810400168E48 /* AccountTableViewController.swift in Sources */,
				3556468E1D2D7C6800168E48 /* Account.swift in Sources */,
			);
			runOnlyForDeploymentPostprocessing = 0;
		};
/* End PBXSourcesBuildPhase section */

/* Begin PBXVariantGroup section */
		3556467A1D2C7C9000168E48 /* Main.storyboard */ = {
			isa = PBXVariantGroup;
			children = (
				3556467B1D2C7C9000168E48 /* Base */,
			);
			name = Main.storyboard;
			sourceTree = "<group>";
		};
		3556467F1D2C7C9000168E48 /* LaunchScreen.storyboard */ = {
			isa = PBXVariantGroup;
			children = (
				355646801D2C7C9000168E48 /* Base */,
			);
			name = LaunchScreen.storyboard;
			sourceTree = "<group>";
		};
/* End PBXVariantGroup section */

/* Begin XCBuildConfiguration section */
		355646831D2C7C9000168E48 /* Debug */ = {
			isa = XCBuildConfiguration;
			buildSettings = {
				ALWAYS_SEARCH_USER_PATHS = NO;
				CLANG_ANALYZER_NONNULL = YES;
				CLANG_CXX_LANGUAGE_STANDARD = "gnu++0x";
				CLANG_CXX_LIBRARY = "libc++";
				CLANG_ENABLE_MODULES = YES;
				CLANG_ENABLE_OBJC_ARC = YES;
				CLANG_WARN_BOOL_CONVERSION = YES;
				CLANG_WARN_CONSTANT_CONVERSION = YES;
				CLANG_WARN_DIRECT_OBJC_ISA_USAGE = YES_ERROR;
				CLANG_WARN_EMPTY_BODY = YES;
				CLANG_WARN_ENUM_CONVERSION = YES;
				CLANG_WARN_INT_CONVERSION = YES;
				CLANG_WARN_OBJC_ROOT_CLASS = YES_ERROR;
				CLANG_WARN_UNREACHABLE_CODE = YES;
				CLANG_WARN__DUPLICATE_METHOD_MATCH = YES;
				"CODE_SIGN_IDENTITY[sdk=iphoneos*]" = "iPhone Developer";
				COPY_PHASE_STRIP = NO;
				DEBUG_INFORMATION_FORMAT = dwarf;
				ENABLE_STRICT_OBJC_MSGSEND = YES;
				ENABLE_TESTABILITY = YES;
				GCC_C_LANGUAGE_STANDARD = gnu99;
				GCC_DYNAMIC_NO_PIC = NO;
				GCC_NO_COMMON_BLOCKS = YES;
				GCC_OPTIMIZATION_LEVEL = 0;
				GCC_PREPROCESSOR_DEFINITIONS = (
					"DEBUG=1",
					"$(inherited)",
				);
				GCC_WARN_64_TO_32_BIT_CONVERSION = YES;
				GCC_WARN_ABOUT_RETURN_TYPE = YES_ERROR;
				GCC_WARN_UNDECLARED_SELECTOR = YES;
				GCC_WARN_UNINITIALIZED_AUTOS = YES_AGGRESSIVE;
				GCC_WARN_UNUSED_FUNCTION = YES;
				GCC_WARN_UNUSED_VARIABLE = YES;
				IPHONEOS_DEPLOYMENT_TARGET = 9.3;
				MTL_ENABLE_DEBUG_INFO = YES;
				ONLY_ACTIVE_ARCH = YES;
				SDKROOT = iphoneos;
				SWIFT_OPTIMIZATION_LEVEL = "-Onone";
			};
			name = Debug;
		};
		355646841D2C7C9000168E48 /* Release */ = {
			isa = XCBuildConfiguration;
			buildSettings = {
				ALWAYS_SEARCH_USER_PATHS = NO;
				CLANG_ANALYZER_NONNULL = YES;
				CLANG_CXX_LANGUAGE_STANDARD = "gnu++0x";
				CLANG_CXX_LIBRARY = "libc++";
				CLANG_ENABLE_MODULES = YES;
				CLANG_ENABLE_OBJC_ARC = YES;
				CLANG_WARN_BOOL_CONVERSION = YES;
				CLANG_WARN_CONSTANT_CONVERSION = YES;
				CLANG_WARN_DIRECT_OBJC_ISA_USAGE = YES_ERROR;
				CLANG_WARN_EMPTY_BODY = YES;
				CLANG_WARN_ENUM_CONVERSION = YES;
				CLANG_WARN_INT_CONVERSION = YES;
				CLANG_WARN_OBJC_ROOT_CLASS = YES_ERROR;
				CLANG_WARN_UNREACHABLE_CODE = YES;
				CLANG_WARN__DUPLICATE_METHOD_MATCH = YES;
				"CODE_SIGN_IDENTITY[sdk=iphoneos*]" = "iPhone Developer";
				COPY_PHASE_STRIP = NO;
				DEBUG_INFORMATION_FORMAT = "dwarf-with-dsym";
				ENABLE_NS_ASSERTIONS = NO;
				ENABLE_STRICT_OBJC_MSGSEND = YES;
				GCC_C_LANGUAGE_STANDARD = gnu99;
				GCC_NO_COMMON_BLOCKS = YES;
				GCC_WARN_64_TO_32_BIT_CONVERSION = YES;
				GCC_WARN_ABOUT_RETURN_TYPE = YES_ERROR;
				GCC_WARN_UNDECLARED_SELECTOR = YES;
				GCC_WARN_UNINITIALIZED_AUTOS = YES_AGGRESSIVE;
				GCC_WARN_UNUSED_FUNCTION = YES;
				GCC_WARN_UNUSED_VARIABLE = YES;
				IPHONEOS_DEPLOYMENT_TARGET = 9.3;
				MTL_ENABLE_DEBUG_INFO = NO;
				SDKROOT = iphoneos;
				VALIDATE_PRODUCT = YES;
			};
			name = Release;
		};
		355646861D2C7C9000168E48 /* Debug */ = {
			isa = XCBuildConfiguration;
			baseConfigurationReference = BCC2E88FB6EB1E65CDD6D38D /* Pods-Passlet.debug.xcconfig */;
			buildSettings = {
				ASSETCATALOG_COMPILER_APPICON_NAME = AppIcon;
				INFOPLIST_FILE = Passlet/Info.plist;
				LD_RUNPATH_SEARCH_PATHS = "$(inherited) @executable_path/Frameworks";
				PRODUCT_BUNDLE_IDENTIFIER = com.sahithb.Passlet;
				PRODUCT_NAME = "$(TARGET_NAME)";
			};
			name = Debug;
		};
		355646871D2C7C9000168E48 /* Release */ = {
			isa = XCBuildConfiguration;
			baseConfigurationReference = 4A11D15E19AACADCE82DCC04 /* Pods-Passlet.release.xcconfig */;
			buildSettings = {
				ASSETCATALOG_COMPILER_APPICON_NAME = AppIcon;
				INFOPLIST_FILE = Passlet/Info.plist;
				LD_RUNPATH_SEARCH_PATHS = "$(inherited) @executable_path/Frameworks";
				PRODUCT_BUNDLE_IDENTIFIER = com.sahithb.Passlet;
				PRODUCT_NAME = "$(TARGET_NAME)";
			};
			name = Release;
		};
/* End XCBuildConfiguration section */

/* Begin XCConfigurationList section */
		3556466E1D2C7C9000168E48 /* Build configuration list for PBXProject "Passlet" */ = {
			isa = XCConfigurationList;
			buildConfigurations = (
				355646831D2C7C9000168E48 /* Debug */,
				355646841D2C7C9000168E48 /* Release */,
			);
			defaultConfigurationIsVisible = 0;
			defaultConfigurationName = Release;
		};
		355646851D2C7C9000168E48 /* Build configuration list for PBXNativeTarget "Passlet" */ = {
			isa = XCConfigurationList;
			buildConfigurations = (
				355646861D2C7C9000168E48 /* Debug */,
				355646871D2C7C9000168E48 /* Release */,
			);
			defaultConfigurationIsVisible = 0;
			defaultConfigurationName = Release;
		};
/* End XCConfigurationList section */
	};
	rootObject = 3556466B1D2C7C9000168E48 /* Project object */;
}
